
Microsoft Visual Studio Solution File, Format Version 12.00
# Visual Studio Version 17
VisualStudioVersion = 17.7.34031.279
MinimumVisualStudioVersion = 10.0.40219.1
Project("{9A19103F-16F7-4668-BE54-9A1E7A4F7556}") = "MVC_TouristBay", "..\MVC_TouristBay\MVC_TouristBay.csproj", "{120518FF-6C35-43B3-B58F-D2D4A0273C2E}"
EndProject
Project("{9A19103F-16F7-4668-BE54-9A1E7A4F7556}") = "APIProductos", "..\..\API_Productos\APIProductos.csproj", "{16319BAB-59A8-43EB-ADE3-4B23443F243A}"
EndProject
Global
	GlobalSection(SolutionConfigurationPlatforms) = preSolution
		Debug|Any CPU = Debug|Any CPU
		Release|Any CPU = Release|Any CPU
	EndGlobalSection
	GlobalSection(ProjectConfigurationPlatforms) = postSolution
		{120518FF-6C35-43B3-B58F-D2D4A0273C2E}.Debug|Any CPU.ActiveCfg = Debug|Any CPU
		{120518FF-6C35-43B3-B58F-D2D4A0273C2E}.Debug|Any CPU.Build.0 = Debug|Any CPU
		{120518FF-6C35-43B3-B58F-D2D4A0273C2E}.Release|Any CPU.ActiveCfg = Release|Any CPU
		{120518FF-6C35-43B3-B58F-D2D4A0273C2E}.Release|Any CPU.Build.0 = Release|Any CPU
		{16319BAB-59A8-43EB-ADE3-4B23443F243A}.Debug|Any CPU.ActiveCfg = Debug|Any CPU
		{16319BAB-59A8-43EB-ADE3-4B23443F243A}.Debug|Any CPU.Build.0 = Debug|Any CPU
		{16319BAB-59A8-43EB-ADE3-4B23443F243A}.Release|Any CPU.ActiveCfg = Release|Any CPU
		{16319BAB-59A8-43EB-ADE3-4B23443F243A}.Release|Any CPU.Build.0 = Release|Any CPU
	EndGlobalSection
	GlobalSection(SolutionProperties) = preSolution
		HideSolutionNode = FALSE
	EndGlobalSection
	GlobalSection(ExtensibilityGlobals) = postSolution
		SolutionGuid = {2AF4D726-3940-4544-8987-3970C2F04B53}
	EndGlobalSection
EndGlobal
